
Microsoft Visual Studio Solution File, Format Version 12.00
# Visual Studio 14
VisualStudioVersion = 14.0.25420.1
MinimumVisualStudioVersion = 10.0.40219.1
Project("{3A961948-AF4E-480A-9646-2911D927BEDA}") = "EpochVSIX1", "EpochVSIX1.eprj", "{3A9569B2-84AB-4B5D-B628-3F48FB6A39ED}"
EndProject
Global
	GlobalSection(SolutionConfigurationPlatforms) = preSolution
		Debug|Any CPU = Debug|Any CPU
		Release|Any CPU = Release|Any CPU
	EndGlobalSection
	GlobalSection(ProjectConfigurationPlatforms) = postSolution
		{3A9569B2-84AB-4B5D-B628-3F48FB6A39ED}.Debug|Any CPU.ActiveCfg = Debug|Any CPU
		{3A9569B2-84AB-4B5D-B628-3F48FB6A39ED}.Debug|Any CPU.Build.0 = Debug|Any CPU
		{3A9569B2-84AB-4B5D-B628-3F48FB6A39ED}.Release|Any CPU.ActiveCfg = Release|Any CPU
		{3A9569B2-84AB-4B5D-B628-3F48FB6A39ED}.Release|Any CPU.Build.0 = Release|Any CPU
	EndGlobalSection
	GlobalSection(SolutionProperties) = preSolution
		HideSolutionNode = FALSE
	EndGlobalSection
EndGlobal
