
Microsoft Visual Studio Solution File, Format Version 11.00
# Visual Studio 2010
Project("{8BC9CEB8-8B4A-11D0-8D11-00A0C91BC942}") = "EpochLLVM", "EpochLLVM\EpochLLVM.vcxproj", "{E41491FB-66CF-4EAF-ADFB-C915656F81C1}"
EndProject
Project("{8BC9CEB8-8B4A-11D0-8D11-00A0C91BC942}") = "EpochRT", "EpochRT\EpochRT.vcxproj", "{9A74F601-192A-49F1-B82F-06FB0AE287A1}"
EndProject
Global
	GlobalSection(SolutionConfigurationPlatforms) = preSolution
		Debug|Win32 = Debug|Win32
		Release|Win32 = Release|Win32
	EndGlobalSection
	GlobalSection(ProjectConfigurationPlatforms) = postSolution
		{E41491FB-66CF-4EAF-ADFB-C915656F81C1}.Debug|Win32.ActiveCfg = Debug|Win32
		{E41491FB-66CF-4EAF-ADFB-C915656F81C1}.Debug|Win32.Build.0 = Debug|Win32
		{E41491FB-66CF-4EAF-ADFB-C915656F81C1}.Release|Win32.ActiveCfg = Release|Win32
		{E41491FB-66CF-4EAF-ADFB-C915656F81C1}.Release|Win32.Build.0 = Release|Win32
		{9A74F601-192A-49F1-B82F-06FB0AE287A1}.Debug|Win32.ActiveCfg = Debug|Win32
		{9A74F601-192A-49F1-B82F-06FB0AE287A1}.Debug|Win32.Build.0 = Debug|Win32
		{9A74F601-192A-49F1-B82F-06FB0AE287A1}.Release|Win32.ActiveCfg = Release|Win32
		{9A74F601-192A-49F1-B82F-06FB0AE287A1}.Release|Win32.Build.0 = Release|Win32
	EndGlobalSection
	GlobalSection(SolutionProperties) = preSolution
		HideSolutionNode = FALSE
	EndGlobalSection
EndGlobal
