
Microsoft Visual Studio Solution File, Format Version 9.00
# Visual Studio 2005
Project("{8BC9CEB8-8B4A-11D0-8D11-00A0C91BC942}") = "FugueDLL", "FugueDLL\FugueDLL.vcproj", "{3200C206-136E-4436-8A3F-C1DD064D0A8E}"
EndProject
Project("{2150E333-8FDC-42A3-9474-1A3956D46DE8}") = "Fugue Core", "Fugue Core", "{4EC286E1-F44A-4A91-859E-0C9E6D96BB99}"
EndProject
Project("{2150E333-8FDC-42A3-9474-1A3956D46DE8}") = "Library DLLs", "Library DLLs", "{57BE219F-ED59-4BFD-99B7-1621A0896A30}"
EndProject
Project("{8BC9CEB8-8B4A-11D0-8D11-00A0C91BC942}") = "Random", "Libraries\Random\Random.vcproj", "{9F92481D-3EF6-4CF9-8699-8E8ECBEF291A}"
EndProject
Project("{8BC9CEB8-8B4A-11D0-8D11-00A0C91BC942}") = "Win32Util", "Libraries\Win32Util\Win32Util.vcproj", "{F97154AE-6D00-43CE-A5E6-ED4E112AB7CC}"
EndProject
Project("{8BC9CEB8-8B4A-11D0-8D11-00A0C91BC942}") = "FugueASM", "FugueASM\FugueASM.vcproj", "{64FB57D5-A195-4735-BD3B-147F00887140}"
EndProject
Project("{2150E333-8FDC-42A3-9474-1A3956D46DE8}") = "Packager", "Packager", "{6EBA9459-2F67-4BC3-B60C-E6504A73FDDC}"
EndProject
Project("{8BC9CEB8-8B4A-11D0-8D11-00A0C91BC942}") = "EXEGen", "EXEGen\EXEGen.vcproj", "{B3F81558-A03F-4912-94F2-D41692CBFC26}"
	ProjectSection(ProjectDependencies) = postProject
		{9F92481D-3EF6-4CF9-8699-8E8ECBEF291A} = {9F92481D-3EF6-4CF9-8699-8E8ECBEF291A}
		{F97154AE-6D00-43CE-A5E6-ED4E112AB7CC} = {F97154AE-6D00-43CE-A5E6-ED4E112AB7CC}
		{64FB57D5-A195-4735-BD3B-147F00887140} = {64FB57D5-A195-4735-BD3B-147F00887140}
		{3200C206-136E-4436-8A3F-C1DD064D0A8E} = {3200C206-136E-4436-8A3F-C1DD064D0A8E}
	EndProjectSection
EndProject
Project("{2150E333-8FDC-42A3-9474-1A3956D46DE8}") = "Language Extensions", "Language Extensions", "{4C8CC168-1438-43F1-B867-90B336D20AD2}"
EndProject
Project("{8BC9CEB8-8B4A-11D0-8D11-00A0C91BC942}") = "EpochCUDA", "Extensions\CUDA\EpochCUDA\EpochCUDA.vcproj", "{0D047AC6-0E8E-4DE8-8940-50C7C2DE0212}"
EndProject
Global
	GlobalSection(SolutionConfigurationPlatforms) = preSolution
		Debug|Win32 = Debug|Win32
		Release|Win32 = Release|Win32
	EndGlobalSection
	GlobalSection(ProjectConfigurationPlatforms) = postSolution
		{3200C206-136E-4436-8A3F-C1DD064D0A8E}.Debug|Win32.ActiveCfg = Debug|Win32
		{3200C206-136E-4436-8A3F-C1DD064D0A8E}.Debug|Win32.Build.0 = Debug|Win32
		{3200C206-136E-4436-8A3F-C1DD064D0A8E}.Release|Win32.ActiveCfg = Release|Win32
		{3200C206-136E-4436-8A3F-C1DD064D0A8E}.Release|Win32.Build.0 = Release|Win32
		{9F92481D-3EF6-4CF9-8699-8E8ECBEF291A}.Debug|Win32.ActiveCfg = Debug|Win32
		{9F92481D-3EF6-4CF9-8699-8E8ECBEF291A}.Debug|Win32.Build.0 = Debug|Win32
		{9F92481D-3EF6-4CF9-8699-8E8ECBEF291A}.Release|Win32.ActiveCfg = Release|Win32
		{9F92481D-3EF6-4CF9-8699-8E8ECBEF291A}.Release|Win32.Build.0 = Release|Win32
		{F97154AE-6D00-43CE-A5E6-ED4E112AB7CC}.Debug|Win32.ActiveCfg = Debug|Win32
		{F97154AE-6D00-43CE-A5E6-ED4E112AB7CC}.Debug|Win32.Build.0 = Debug|Win32
		{F97154AE-6D00-43CE-A5E6-ED4E112AB7CC}.Release|Win32.ActiveCfg = Release|Win32
		{F97154AE-6D00-43CE-A5E6-ED4E112AB7CC}.Release|Win32.Build.0 = Release|Win32
		{64FB57D5-A195-4735-BD3B-147F00887140}.Debug|Win32.ActiveCfg = Debug|Win32
		{64FB57D5-A195-4735-BD3B-147F00887140}.Debug|Win32.Build.0 = Debug|Win32
		{64FB57D5-A195-4735-BD3B-147F00887140}.Release|Win32.ActiveCfg = Release|Win32
		{64FB57D5-A195-4735-BD3B-147F00887140}.Release|Win32.Build.0 = Release|Win32
		{B3F81558-A03F-4912-94F2-D41692CBFC26}.Debug|Win32.ActiveCfg = Debug|Win32
		{B3F81558-A03F-4912-94F2-D41692CBFC26}.Debug|Win32.Build.0 = Debug|Win32
		{B3F81558-A03F-4912-94F2-D41692CBFC26}.Release|Win32.ActiveCfg = Release|Win32
		{B3F81558-A03F-4912-94F2-D41692CBFC26}.Release|Win32.Build.0 = Release|Win32
		{0D047AC6-0E8E-4DE8-8940-50C7C2DE0212}.Debug|Win32.ActiveCfg = Debug|Win32
		{0D047AC6-0E8E-4DE8-8940-50C7C2DE0212}.Debug|Win32.Build.0 = Debug|Win32
		{0D047AC6-0E8E-4DE8-8940-50C7C2DE0212}.Release|Win32.ActiveCfg = Release|Win32
		{0D047AC6-0E8E-4DE8-8940-50C7C2DE0212}.Release|Win32.Build.0 = Release|Win32
	EndGlobalSection
	GlobalSection(SolutionProperties) = preSolution
		HideSolutionNode = FALSE
	EndGlobalSection
	GlobalSection(NestedProjects) = preSolution
		{3200C206-136E-4436-8A3F-C1DD064D0A8E} = {4EC286E1-F44A-4A91-859E-0C9E6D96BB99}
		{64FB57D5-A195-4735-BD3B-147F00887140} = {4EC286E1-F44A-4A91-859E-0C9E6D96BB99}
		{9F92481D-3EF6-4CF9-8699-8E8ECBEF291A} = {57BE219F-ED59-4BFD-99B7-1621A0896A30}
		{F97154AE-6D00-43CE-A5E6-ED4E112AB7CC} = {57BE219F-ED59-4BFD-99B7-1621A0896A30}
		{B3F81558-A03F-4912-94F2-D41692CBFC26} = {6EBA9459-2F67-4BC3-B60C-E6504A73FDDC}
		{0D047AC6-0E8E-4DE8-8940-50C7C2DE0212} = {4C8CC168-1438-43F1-B867-90B336D20AD2}
	EndGlobalSection
	GlobalSection(ExtensibilityGlobals) = postSolution
		AMDCaProjectFile = D:\epoch\Fugue\CodeAnalyst\Fugue.caw
	EndGlobalSection
EndGlobal
