
Microsoft Visual Studio Solution File, Format Version 12.00
# Visual Studio 14
VisualStudioVersion = 14.0.25420.1
MinimumVisualStudioVersion = 10.0.40219.1
Project("{FAE04EC0-301F-11D3-BF4B-00C04F79EFBC}") = "Epoch.ProjectType", "Epoch\Epoch.ProjectType\Epoch.ProjectType.csproj", "{09354753-227B-4119-9EE7-F25B620BCA9C}"
EndProject
Project("{FAE04EC0-301F-11D3-BF4B-00C04F79EFBC}") = "Epoch.ProjectTemplate", "Epoch\Epoch.ProjectTemplate\Epoch.ProjectTemplate.csproj", "{B5D5F724-25A1-4577-8014-B9454E04F289}"
EndProject
Project("{FAE04EC0-301F-11D3-BF4B-00C04F79EFBC}") = "EpochCodeTemplate", "EpochCodeTemplate\EpochCodeTemplate.csproj", "{34338F51-C285-4E2B-9E16-9B64B1F3CF0D}"
EndProject
Project("{FAE04EC0-301F-11D3-BF4B-00C04F79EFBC}") = "EpochBuild", "EpochBuild\EpochBuild.csproj", "{90D4994A-F222-4751-BB58-794C17DE40AB}"
EndProject
Project("{54435603-DBB4-11D2-8724-00A0C9A8B90C}") = "EpochSetup", "EpochSetup\EpochSetup.vdproj", "{5C3FE523-C78E-4474-9BCB-26DFF3A1692E}"
	ProjectSection(ProjectDependencies) = postProject
		{2487EEC1-3FE3-4FE7-B001-9D40C1595C20} = {2487EEC1-3FE3-4FE7-B001-9D40C1595C20}
	EndProjectSection
EndProject
Project("{8BC9CEB8-8B4A-11D0-8D11-00A0C91BC942}") = "VSConfigUpdateUtility", "VSConfigUpdateUtility\VSConfigUpdateUtility.vcxproj", "{2487EEC1-3FE3-4FE7-B001-9D40C1595C20}"
EndProject
Global
	GlobalSection(SolutionConfigurationPlatforms) = preSolution
		Debug|Any CPU = Debug|Any CPU
		Debug|x64 = Debug|x64
		Debug|x86 = Debug|x86
		Release|Any CPU = Release|Any CPU
		Release|x64 = Release|x64
		Release|x86 = Release|x86
	EndGlobalSection
	GlobalSection(ProjectConfigurationPlatforms) = postSolution
		{09354753-227B-4119-9EE7-F25B620BCA9C}.Debug|Any CPU.ActiveCfg = Debug|Any CPU
		{09354753-227B-4119-9EE7-F25B620BCA9C}.Debug|Any CPU.Build.0 = Debug|Any CPU
		{09354753-227B-4119-9EE7-F25B620BCA9C}.Debug|x64.ActiveCfg = Debug|Any CPU
		{09354753-227B-4119-9EE7-F25B620BCA9C}.Debug|x64.Build.0 = Debug|Any CPU
		{09354753-227B-4119-9EE7-F25B620BCA9C}.Debug|x86.ActiveCfg = Debug|Any CPU
		{09354753-227B-4119-9EE7-F25B620BCA9C}.Debug|x86.Build.0 = Debug|Any CPU
		{09354753-227B-4119-9EE7-F25B620BCA9C}.Release|Any CPU.ActiveCfg = Release|Any CPU
		{09354753-227B-4119-9EE7-F25B620BCA9C}.Release|Any CPU.Build.0 = Release|Any CPU
		{09354753-227B-4119-9EE7-F25B620BCA9C}.Release|x64.ActiveCfg = Release|Any CPU
		{09354753-227B-4119-9EE7-F25B620BCA9C}.Release|x64.Build.0 = Release|Any CPU
		{09354753-227B-4119-9EE7-F25B620BCA9C}.Release|x86.ActiveCfg = Release|Any CPU
		{09354753-227B-4119-9EE7-F25B620BCA9C}.Release|x86.Build.0 = Release|Any CPU
		{B5D5F724-25A1-4577-8014-B9454E04F289}.Debug|Any CPU.ActiveCfg = Debug|Any CPU
		{B5D5F724-25A1-4577-8014-B9454E04F289}.Debug|Any CPU.Build.0 = Debug|Any CPU
		{B5D5F724-25A1-4577-8014-B9454E04F289}.Debug|x64.ActiveCfg = Debug|Any CPU
		{B5D5F724-25A1-4577-8014-B9454E04F289}.Debug|x64.Build.0 = Debug|Any CPU
		{B5D5F724-25A1-4577-8014-B9454E04F289}.Debug|x86.ActiveCfg = Debug|Any CPU
		{B5D5F724-25A1-4577-8014-B9454E04F289}.Debug|x86.Build.0 = Debug|Any CPU
		{B5D5F724-25A1-4577-8014-B9454E04F289}.Release|Any CPU.ActiveCfg = Release|Any CPU
		{B5D5F724-25A1-4577-8014-B9454E04F289}.Release|Any CPU.Build.0 = Release|Any CPU
		{B5D5F724-25A1-4577-8014-B9454E04F289}.Release|x64.ActiveCfg = Release|Any CPU
		{B5D5F724-25A1-4577-8014-B9454E04F289}.Release|x64.Build.0 = Release|Any CPU
		{B5D5F724-25A1-4577-8014-B9454E04F289}.Release|x86.ActiveCfg = Release|Any CPU
		{B5D5F724-25A1-4577-8014-B9454E04F289}.Release|x86.Build.0 = Release|Any CPU
		{34338F51-C285-4E2B-9E16-9B64B1F3CF0D}.Debug|Any CPU.ActiveCfg = Debug|Any CPU
		{34338F51-C285-4E2B-9E16-9B64B1F3CF0D}.Debug|Any CPU.Build.0 = Debug|Any CPU
		{34338F51-C285-4E2B-9E16-9B64B1F3CF0D}.Debug|x64.ActiveCfg = Debug|Any CPU
		{34338F51-C285-4E2B-9E16-9B64B1F3CF0D}.Debug|x64.Build.0 = Debug|Any CPU
		{34338F51-C285-4E2B-9E16-9B64B1F3CF0D}.Debug|x86.ActiveCfg = Debug|Any CPU
		{34338F51-C285-4E2B-9E16-9B64B1F3CF0D}.Debug|x86.Build.0 = Debug|Any CPU
		{34338F51-C285-4E2B-9E16-9B64B1F3CF0D}.Release|Any CPU.ActiveCfg = Release|Any CPU
		{34338F51-C285-4E2B-9E16-9B64B1F3CF0D}.Release|Any CPU.Build.0 = Release|Any CPU
		{34338F51-C285-4E2B-9E16-9B64B1F3CF0D}.Release|x64.ActiveCfg = Release|Any CPU
		{34338F51-C285-4E2B-9E16-9B64B1F3CF0D}.Release|x64.Build.0 = Release|Any CPU
		{34338F51-C285-4E2B-9E16-9B64B1F3CF0D}.Release|x86.ActiveCfg = Release|Any CPU
		{34338F51-C285-4E2B-9E16-9B64B1F3CF0D}.Release|x86.Build.0 = Release|Any CPU
		{90D4994A-F222-4751-BB58-794C17DE40AB}.Debug|Any CPU.ActiveCfg = Debug|Any CPU
		{90D4994A-F222-4751-BB58-794C17DE40AB}.Debug|Any CPU.Build.0 = Debug|Any CPU
		{90D4994A-F222-4751-BB58-794C17DE40AB}.Debug|x64.ActiveCfg = Debug|Any CPU
		{90D4994A-F222-4751-BB58-794C17DE40AB}.Debug|x64.Build.0 = Debug|Any CPU
		{90D4994A-F222-4751-BB58-794C17DE40AB}.Debug|x86.ActiveCfg = Debug|Any CPU
		{90D4994A-F222-4751-BB58-794C17DE40AB}.Debug|x86.Build.0 = Debug|Any CPU
		{90D4994A-F222-4751-BB58-794C17DE40AB}.Release|Any CPU.ActiveCfg = Release|Any CPU
		{90D4994A-F222-4751-BB58-794C17DE40AB}.Release|Any CPU.Build.0 = Release|Any CPU
		{90D4994A-F222-4751-BB58-794C17DE40AB}.Release|x64.ActiveCfg = Release|Any CPU
		{90D4994A-F222-4751-BB58-794C17DE40AB}.Release|x64.Build.0 = Release|Any CPU
		{90D4994A-F222-4751-BB58-794C17DE40AB}.Release|x86.ActiveCfg = Release|Any CPU
		{90D4994A-F222-4751-BB58-794C17DE40AB}.Release|x86.Build.0 = Release|Any CPU
		{5C3FE523-C78E-4474-9BCB-26DFF3A1692E}.Debug|Any CPU.ActiveCfg = Debug
		{5C3FE523-C78E-4474-9BCB-26DFF3A1692E}.Debug|x64.ActiveCfg = Debug
		{5C3FE523-C78E-4474-9BCB-26DFF3A1692E}.Debug|x64.Build.0 = Debug
		{5C3FE523-C78E-4474-9BCB-26DFF3A1692E}.Debug|x86.ActiveCfg = Debug
		{5C3FE523-C78E-4474-9BCB-26DFF3A1692E}.Debug|x86.Build.0 = Debug
		{5C3FE523-C78E-4474-9BCB-26DFF3A1692E}.Release|Any CPU.ActiveCfg = Release
		{5C3FE523-C78E-4474-9BCB-26DFF3A1692E}.Release|x64.ActiveCfg = Release
		{5C3FE523-C78E-4474-9BCB-26DFF3A1692E}.Release|x64.Build.0 = Release
		{5C3FE523-C78E-4474-9BCB-26DFF3A1692E}.Release|x86.ActiveCfg = Release
		{5C3FE523-C78E-4474-9BCB-26DFF3A1692E}.Release|x86.Build.0 = Release
		{2487EEC1-3FE3-4FE7-B001-9D40C1595C20}.Debug|Any CPU.ActiveCfg = Debug|Win32
		{2487EEC1-3FE3-4FE7-B001-9D40C1595C20}.Debug|x64.ActiveCfg = Debug|x64
		{2487EEC1-3FE3-4FE7-B001-9D40C1595C20}.Debug|x64.Build.0 = Debug|x64
		{2487EEC1-3FE3-4FE7-B001-9D40C1595C20}.Debug|x86.ActiveCfg = Debug|Win32
		{2487EEC1-3FE3-4FE7-B001-9D40C1595C20}.Debug|x86.Build.0 = Debug|Win32
		{2487EEC1-3FE3-4FE7-B001-9D40C1595C20}.Release|Any CPU.ActiveCfg = Release|Win32
		{2487EEC1-3FE3-4FE7-B001-9D40C1595C20}.Release|Any CPU.Build.0 = Release|Win32
		{2487EEC1-3FE3-4FE7-B001-9D40C1595C20}.Release|x64.ActiveCfg = Release|x64
		{2487EEC1-3FE3-4FE7-B001-9D40C1595C20}.Release|x64.Build.0 = Release|x64
		{2487EEC1-3FE3-4FE7-B001-9D40C1595C20}.Release|x86.ActiveCfg = Release|Win32
		{2487EEC1-3FE3-4FE7-B001-9D40C1595C20}.Release|x86.Build.0 = Release|Win32
	EndGlobalSection
	GlobalSection(SolutionProperties) = preSolution
		HideSolutionNode = FALSE
	EndGlobalSection
EndGlobal
