<?xml version="1.0" encoding="utf-8"?>
<Project ToolsVersion="4.0" xmlns="http://schemas.microsoft.com/developer/msbuild/2003">
  <ItemGroup>
    <Filter Include="Entry Point">
      <UniqueIdentifier>{4FC737F1-C7A5-4376-A066-2A32D752A2FF}</UniqueIdentifier>
      <Extensions>cpp;c;cc;cxx;def;odl;idl;hpj;bat;asm;asmx</Extensions>
    </Filter>
    <Filter Include="Precompiled Header">
      <UniqueIdentifier>{93995380-89BD-4b04-88EB-625FBE52EBFB}</UniqueIdentifier>
      <Extensions>h;hpp;hxx;hm;inl;inc;xsd</Extensions>
    </Filter>
    <Filter Include="Exports">
      <UniqueIdentifier>{6113d1f1-4e6a-43db-9ba0-028768e31358}</UniqueIdentifier>
    </Filter>
    <Filter Include="Virtual Machine">
      <UniqueIdentifier>{17b33cc4-cfed-49c9-8618-230e3f1f598f}</UniqueIdentifier>
    </Filter>
    <Filter Include="Shared">
      <UniqueIdentifier>{06a80e41-1901-4a2b-a569-65601181f9cb}</UniqueIdentifier>
    </Filter>
    <Filter Include="Shared\Bytecode">
      <UniqueIdentifier>{11165fe7-0aa0-41c1-9a84-dae7b2fca94e}</UniqueIdentifier>
    </Filter>
    <Filter Include="Shared\User Interface">
      <UniqueIdentifier>{32cb041d-f7fa-49bb-84ea-cd10b9e8ff6f}</UniqueIdentifier>
    </Filter>
    <Filter Include="Shared\Utility">
      <UniqueIdentifier>{7c7a9f8b-9375-4762-8df3-c38d47f729cc}</UniqueIdentifier>
    </Filter>
    <Filter Include="Shared\Utility\Threading">
      <UniqueIdentifier>{f17a0794-ecfb-4cc2-9ebe-fd030a978b4d}</UniqueIdentifier>
    </Filter>
    <Filter Include="Shared\Utility\Types">
      <UniqueIdentifier>{9c38474f-8d66-4587-9ea1-f47f93535d0c}</UniqueIdentifier>
    </Filter>
    <Filter Include="Shared\Utility\Memory">
      <UniqueIdentifier>{8f45656c-f8d6-43b7-b1f9-13b56e1bf414}</UniqueIdentifier>
    </Filter>
    <Filter Include="Shared\Metadata">
      <UniqueIdentifier>{cb521aea-78b6-48d5-a86c-e38e91db7eba}</UniqueIdentifier>
    </Filter>
    <Filter Include="Shared\Libraries">
      <UniqueIdentifier>{fc496dbf-a59c-461b-9df4-14da61f6697b}</UniqueIdentifier>
    </Filter>
    <Filter Include="Miscellaneous">
      <UniqueIdentifier>{3958d923-0628-4391-9bc6-c12520c381e0}</UniqueIdentifier>
    </Filter>
    <Filter Include="Visual Debugger">
      <UniqueIdentifier>{ba3b6eec-80a3-4cf2-bb29-fa9c05c2a098}</UniqueIdentifier>
    </Filter>
    <Filter Include="JIT">
      <UniqueIdentifier>{97690949-092e-4b3e-a2d6-b1a1478dd088}</UniqueIdentifier>
    </Filter>
  </ItemGroup>
  <ItemGroup>
    <ClCompile Include="Entry Point\EntryPoint.cpp">
      <Filter>Entry Point</Filter>
    </ClCompile>
    <ClCompile Include="pch.cpp">
      <Filter>Precompiled Header</Filter>
    </ClCompile>
    <ClCompile Include="Exports\Exports.cpp">
      <Filter>Exports</Filter>
    </ClCompile>
    <ClCompile Include="Virtual Machine\Marshaling.cpp">
      <Filter>Virtual Machine</Filter>
    </ClCompile>
    <ClCompile Include="Virtual Machine\VirtualMachine.cpp">
      <Filter>Virtual Machine</Filter>
    </ClCompile>
    <ClCompile Include="..\Shared\User Interface\Input.cpp">
      <Filter>Shared\User Interface</Filter>
    </ClCompile>
    <ClCompile Include="..\Shared\User Interface\Output.cpp">
      <Filter>Shared\User Interface</Filter>
    </ClCompile>
    <ClCompile Include="..\Shared\Utility\DLLPool.cpp">
      <Filter>Shared\Utility</Filter>
    </ClCompile>
    <ClCompile Include="..\Shared\Utility\StringPool.cpp">
      <Filter>Shared\Utility</Filter>
    </ClCompile>
    <ClCompile Include="..\Shared\Utility\Strings.cpp">
      <Filter>Shared\Utility</Filter>
    </ClCompile>
    <ClCompile Include="..\Shared\Utility\Threading\Synchronization.cpp">
      <Filter>Shared\Utility\Threading</Filter>
    </ClCompile>
    <ClCompile Include="..\Shared\Utility\Memory\MemoryManager.cpp">
      <Filter>Shared\Utility\Memory</Filter>
    </ClCompile>
    <ClCompile Include="..\Shared\Utility\Memory\Stack.cpp">
      <Filter>Shared\Utility\Memory</Filter>
    </ClCompile>
    <ClCompile Include="..\Shared\Metadata\FunctionSignature.cpp">
      <Filter>Shared\Metadata</Filter>
    </ClCompile>
    <ClCompile Include="..\Shared\Metadata\Register.cpp">
      <Filter>Shared\Metadata</Filter>
    </ClCompile>
    <ClCompile Include="..\Shared\Metadata\ScopeDescription.cpp">
      <Filter>Shared\Metadata</Filter>
    </ClCompile>
    <ClCompile Include="..\Shared\Metadata\StructureDefinition.cpp">
      <Filter>Shared\Metadata</Filter>
    </ClCompile>
    <ClCompile Include="Miscellaneous\HeapAccess.cpp">
      <Filter>Miscellaneous</Filter>
    </ClCompile>
    <ClCompile Include="Visual Debugger\DebugThread.cpp">
      <Filter>Visual Debugger</Filter>
    </ClCompile>
    <ClCompile Include="JIT\JIT.cpp">
      <Filter>JIT</Filter>
    </ClCompile>
    <ClCompile Include="..\Shared\Metadata\TypeInfo.cpp">
      <Filter>Shared\Metadata</Filter>
    </ClCompile>
    <ClCompile Include="..\Shared\Utility\Profiling.cpp">
      <Filter>Shared\Utility</Filter>
    </ClCompile>
    <ClCompile Include="..\Shared\Utility\Memory\DLMalloc.cpp">
      <Filter>Shared\Utility\Memory</Filter>
    </ClCompile>
  </ItemGroup>
  <ItemGroup>
    <ClInclude Include="pch.h">
      <Filter>Precompiled Header</Filter>
    </ClInclude>
    <ClInclude Include="Virtual Machine\ExportDef.h">
      <Filter>Exports</Filter>
    </ClInclude>
    <ClInclude Include="Virtual Machine\Marshaling.h">
      <Filter>Virtual Machine</Filter>
    </ClInclude>
    <ClInclude Include="Virtual Machine\VirtualMachine.h">
      <Filter>Virtual Machine</Filter>
    </ClInclude>
    <ClInclude Include="..\Shared\Bytecode\EntityTags.h">
      <Filter>Shared\Bytecode</Filter>
    </ClInclude>
    <ClInclude Include="..\Shared\Bytecode\Instructions.h">
      <Filter>Shared\Bytecode</Filter>
    </ClInclude>
    <ClInclude Include="..\Shared\User Interface\Input.h">
      <Filter>Shared\User Interface</Filter>
    </ClInclude>
    <ClInclude Include="..\Shared\User Interface\Output.h">
      <Filter>Shared\User Interface</Filter>
    </ClInclude>
    <ClInclude Include="..\Shared\Utility\DLLPool.h">
      <Filter>Shared\Utility</Filter>
    </ClInclude>
    <ClInclude Include="..\Shared\Utility\EraseDeadHandles.h">
      <Filter>Shared\Utility</Filter>
    </ClInclude>
    <ClInclude Include="..\Shared\Utility\Exception.h">
      <Filter>Shared\Utility</Filter>
    </ClInclude>
    <ClInclude Include="..\Shared\Utility\HandleAllocator.h">
      <Filter>Shared\Utility</Filter>
    </ClInclude>
    <ClInclude Include="..\Shared\Utility\StringPool.h">
      <Filter>Shared\Utility</Filter>
    </ClInclude>
    <ClInclude Include="..\Shared\Utility\Strings.h">
      <Filter>Shared\Utility</Filter>
    </ClInclude>
    <ClInclude Include="..\Shared\Utility\Threading\Synchronization.h">
      <Filter>Shared\Utility\Threading</Filter>
    </ClInclude>
    <ClInclude Include="..\Shared\Utility\Types\EpochTypeIDs.h">
      <Filter>Shared\Utility\Types</Filter>
    </ClInclude>
    <ClInclude Include="..\Shared\Utility\Types\IDTypes.h">
      <Filter>Shared\Utility\Types</Filter>
    </ClInclude>
    <ClInclude Include="..\Shared\Utility\Types\IntegerTypes.h">
      <Filter>Shared\Utility\Types</Filter>
    </ClInclude>
    <ClInclude Include="..\Shared\Utility\Types\RealTypes.h">
      <Filter>Shared\Utility\Types</Filter>
    </ClInclude>
    <ClInclude Include="..\Shared\Utility\Memory\MemoryManager.h">
      <Filter>Shared\Utility\Memory</Filter>
    </ClInclude>
    <ClInclude Include="..\Shared\Utility\Memory\Stack.h">
      <Filter>Shared\Utility\Memory</Filter>
    </ClInclude>
    <ClInclude Include="..\Shared\Metadata\FunctionSignature.h">
      <Filter>Shared\Metadata</Filter>
    </ClInclude>
    <ClInclude Include="..\Shared\Metadata\Register.h">
      <Filter>Shared\Metadata</Filter>
    </ClInclude>
    <ClInclude Include="..\Shared\Metadata\ScopeDescription.h">
      <Filter>Shared\Metadata</Filter>
    </ClInclude>
    <ClInclude Include="..\Shared\Metadata\StructureDefinition.h">
      <Filter>Shared\Metadata</Filter>
    </ClInclude>
    <ClInclude Include="..\Shared\Libraries\Library.h">
      <Filter>Shared\Libraries</Filter>
    </ClInclude>
    <ClInclude Include="Visual Debugger\VisualDebugger.h">
      <Filter>Visual Debugger</Filter>
    </ClInclude>
    <ClInclude Include="JIT\JIT.h">
      <Filter>JIT</Filter>
    </ClInclude>
    <ClInclude Include="..\Shared\Metadata\Variant.h">
      <Filter>Shared\Metadata</Filter>
    </ClInclude>
    <ClInclude Include="..\Shared\Metadata\ActiveStructure.h">
      <Filter>Shared\Metadata</Filter>
    </ClInclude>
    <ClInclude Include="..\Shared\Metadata\TypeInfo.h">
      <Filter>Shared\Metadata</Filter>
    </ClInclude>
    <ClInclude Include="..\Shared\Utility\Profiling.h">
      <Filter>Shared\Utility</Filter>
    </ClInclude>
    <ClInclude Include="..\Shared\Libraries\LibraryJIT.h">
      <Filter>Shared\Libraries</Filter>
    </ClInclude>
  </ItemGroup>
  <ItemGroup>
    <None Include="Exports\Exports.def">
      <Filter>Exports</Filter>
    </None>
    <None Include="..\Shared\User Interface\OutputStream.inl">
      <Filter>Shared\User Interface</Filter>
    </None>
  </ItemGroup>
</Project>