<?xml version="1.0" encoding="utf-8"?>
<Project ToolsVersion="4.0" xmlns="http://schemas.microsoft.com/developer/msbuild/2003">
  <ItemGroup>
    <Filter Include="Precompiled Header">
      <UniqueIdentifier>{603e9f4a-1b54-4c20-b270-128c26c5f2bb}</UniqueIdentifier>
    </Filter>
    <Filter Include="Entry Point">
      <UniqueIdentifier>{4FC737F1-C7A5-4376-A066-2A32D752A2FF}</UniqueIdentifier>
      <Extensions>cpp;c;cc;cxx;def;odl;idl;hpj;bat;asm;asmx</Extensions>
    </Filter>
    <Filter Include="Exports">
      <UniqueIdentifier>{28cd1402-17ef-46c2-b119-bd0c857b3e64}</UniqueIdentifier>
    </Filter>
    <Filter Include="LLVM Wrappers">
      <UniqueIdentifier>{06cf2933-6e52-4a1f-9c42-167c150454d9}</UniqueIdentifier>
    </Filter>
  </ItemGroup>
  <ItemGroup>
    <ClInclude Include="pch.h">
      <Filter>Precompiled Header</Filter>
    </ClInclude>
    <ClInclude Include="LLVM Wrappers\CodeGenContext.h">
      <Filter>LLVM Wrappers</Filter>
    </ClInclude>
    <ClInclude Include="LLVM Wrappers\GCCompilation.h">
      <Filter>LLVM Wrappers</Filter>
    </ClInclude>
  </ItemGroup>
  <ItemGroup>
    <ClCompile Include="pch.cpp">
      <Filter>Precompiled Header</Filter>
    </ClCompile>
    <ClCompile Include="EntryPoint.cpp">
      <Filter>Entry Point</Filter>
    </ClCompile>
    <ClCompile Include="Exports\Exports.cpp">
      <Filter>Exports</Filter>
    </ClCompile>
    <ClCompile Include="LLVM Wrappers\CodeGenContext.cpp">
      <Filter>LLVM Wrappers</Filter>
    </ClCompile>
    <ClCompile Include="LLVM Wrappers\GCCompilation.cpp">
      <Filter>LLVM Wrappers</Filter>
    </ClCompile>
  </ItemGroup>
  <ItemGroup>
    <None Include="Exports.def">
      <Filter>Exports</Filter>
    </None>
  </ItemGroup>
</Project>